
Microsoft Visual Studio Solution File, Format Version 12.00
# Visual Studio Version 16
VisualStudioVersion = 16.0.29806.167
MinimumVisualStudioVersion = 10.0.40219.1
Project("{FAE04EC0-301F-11D3-BF4B-00C04F79EFBC}") = "CheckoutKata", "CheckoutKata.csproj", "{34937B7C-3E95-466A-93ED-101F20947142}"
EndProject
Project("{FAE04EC0-301F-11D3-BF4B-00C04F79EFBC}") = "CheckoutKataTests", "..\CheckoutKataTests\CheckoutKataTests.csproj", "{B05D8C91-475A-44C3-87BC-A58920A5012E}"
EndProject
Global
	GlobalSection(SolutionConfigurationPlatforms) = preSolution
		Debug|Any CPU = Debug|Any CPU
		Release|Any CPU = Release|Any CPU
	EndGlobalSection
	GlobalSection(ProjectConfigurationPlatforms) = postSolution
		{34937B7C-3E95-466A-93ED-101F20947142}.Debug|Any CPU.ActiveCfg = Debug|Any CPU
		{34937B7C-3E95-466A-93ED-101F20947142}.Debug|Any CPU.Build.0 = Debug|Any CPU
		{34937B7C-3E95-466A-93ED-101F20947142}.Release|Any CPU.ActiveCfg = Release|Any CPU
		{34937B7C-3E95-466A-93ED-101F20947142}.Release|Any CPU.Build.0 = Release|Any CPU
		{B05D8C91-475A-44C3-87BC-A58920A5012E}.Debug|Any CPU.ActiveCfg = Debug|Any CPU
		{B05D8C91-475A-44C3-87BC-A58920A5012E}.Debug|Any CPU.Build.0 = Debug|Any CPU
		{B05D8C91-475A-44C3-87BC-A58920A5012E}.Release|Any CPU.ActiveCfg = Release|Any CPU
		{B05D8C91-475A-44C3-87BC-A58920A5012E}.Release|Any CPU.Build.0 = Release|Any CPU
	EndGlobalSection
	GlobalSection(SolutionProperties) = preSolution
		HideSolutionNode = FALSE
	EndGlobalSection
	GlobalSection(ExtensibilityGlobals) = postSolution
		SolutionGuid = {BC864E34-EC09-485B-9E3E-D17C3B46E1BF}
	EndGlobalSection
EndGlobal
